<?xml version="1.0" encoding="utf-8"?>
<Project ToolsVersion="4.0" xmlns="http://schemas.microsoft.com/developer/msbuild/2003">
  <ItemGroup>
    <Filter Include="Source Files">
      <UniqueIdentifier>{4FC737F1-C7A5-4376-A066-2A32D752A2FF}</UniqueIdentifier>
      <Extensions>cpp;c;cc;cxx;def;odl;idl;hpj;bat;asm;asmx</Extensions>
    </Filter>
    <Filter Include="Header Files">
      <UniqueIdentifier>{93995380-89BD-4b04-88EB-625FBE52EBFB}</UniqueIdentifier>
      <Extensions>h;hh;hpp;hxx;hm;inl;inc;xsd</Extensions>
    </Filter>
    <Filter Include="Resource Files">
      <UniqueIdentifier>{67DA6AB6-F800-4c08-8B7A-83BB121AAD01}</UniqueIdentifier>
      <Extensions>rc;ico;cur;bmp;dlg;rc2;rct;bin;rgs;gif;jpg;jpeg;jpe;resx;tiff;tif;png;wav;mfcribbon-ms</Extensions>
    </Filter>
  </ItemGroup>
  <ItemGroup>
    <Text Include="ReadMe.txt" />
  </ItemGroup>
  <ItemGroup>
    <ClInclude Include="VideoRendererFactory.h">
      <Filter>Header Files</Filter>
    </ClInclude>
    <ClInclude Include="EVRActivate.h">
      <Filter>Header Files</Filter>
    </ClInclude>
    <ClInclude Include="EVRMediaSink.h">
      <Filter>Header Files</Filter>
    </ClInclude>
    <ClInclude Include="EVRMediaSinkFactory.h">
      <Filter>Header Files</Filter>
    </ClInclude>
    <ClInclude Include="EVRStreamSink.h">
      <Filter>Header Files</Filter>
    </ClInclude>
    <ClInclude Include="Direct3D9Presenter.h">
      <Filter>Header Files</Filter>
    </ClInclude>
    <ClInclude Include="IPresenter.h">
      <Filter>Header Files</Filter>
    </ClInclude>
    <ClInclude Include="IMixerStreamPositionControl.h">
      <Filter>Header Files</Filter>
    </ClInclude>
    <ClInclude Include="IEVRStreamControl.h">
      <Filter>Header Files</Filter>
    </ClInclude>
    <ClInclude Include="PresenterFactory.h">
      <Filter>Header Files</Filter>
    </ClInclude>
    <ClInclude Include="IPresenterInit.h">
      <Filter>Header Files</Filter>
    </ClInclude>
    <ClInclude Include="Direct3D11Presenter.h">
      <Filter>Header Files</Filter>
    </ClInclude>
    <ClInclude Include="Direct3D11VideoProcessor.h">
      <Filter>Header Files</Filter>
    </ClInclude>
    <ClInclude Include="DXVAVideoProcessor.h">
      <Filter>Header Files</Filter>
    </ClInclude>
    <ClInclude Include="BasePresenter.h">
      <Filter>Header Files</Filter>
    </ClInclude>
    <ClInclude Include="IStreamFilterControl.h">
      <Filter>Header Files</Filter>
    </ClInclude>
    <ClInclude Include="IRenderingControl.h">
      <Filter>Header Files</Filter>
    </ClInclude>
    <ClInclude Include="Direct3D11and3D9Presenter.h">
      <Filter>Header Files</Filter>
    </ClInclude>
  </ItemGroup>
  <ItemGroup>
    <ClCompile Include="VideoRendererFactory.cpp">
      <Filter>Source Files</Filter>
    </ClCompile>
    <ClCompile Include="EVRMediaSink.cpp">
      <Filter>Source Files</Filter>
    </ClCompile>
    <ClCompile Include="EVRMediaSinkFactory.cpp">
      <Filter>Source Files</Filter>
    </ClCompile>
    <ClCompile Include="EVRStreamSink.cpp">
      <Filter>Source Files</Filter>
    </ClCompile>
    <ClCompile Include="Direct3D9Presenter.cpp">
      <Filter>Source Files</Filter>
    </ClCompile>
    <ClCompile Include="PresenterFactory.cpp">
      <Filter>Source Files</Filter>
    </ClCompile>
    <ClCompile Include="Direct3D11Presenter.cpp">
      <Filter>Source Files</Filter>
    </ClCompile>
    <ClCompile Include="Direct3D11VideoProcessor.cpp">
      <Filter>Source Files</Filter>
    </ClCompile>
    <ClCompile Include="DXVAVideoProcessor.cpp">
      <Filter>Source Files</Filter>
    </ClCompile>
    <ClCompile Include="BasePresenter.cpp">
      <Filter>Source Files</Filter>
    </ClCompile>
    <ClCompile Include="Direct3D11and3D9Presenter.cpp">
      <Filter>Source Files</Filter>
    </ClCompile>
  </ItemGroup>
</Project>