<?xml version="1.0" encoding="utf-8"?>
<Project ToolsVersion="4.0" xmlns="http://schemas.microsoft.com/developer/msbuild/2003">
  <ItemGroup>
    <Filter Include="Source Files">
      <UniqueIdentifier>{4FC737F1-C7A5-4376-A066-2A32D752A2FF}</UniqueIdentifier>
      <Extensions>cpp;c;cc;cxx;def;odl;idl;hpj;bat;asm;asmx</Extensions>
    </Filter>
    <Filter Include="Header Files">
      <UniqueIdentifier>{93995380-89BD-4b04-88EB-625FBE52EBFB}</UniqueIdentifier>
      <Extensions>h;hh;hpp;hxx;hm;inl;inc;xsd</Extensions>
    </Filter>
    <Filter Include="Resource Files">
      <UniqueIdentifier>{67DA6AB6-F800-4c08-8B7A-83BB121AAD01}</UniqueIdentifier>
      <Extensions>rc;ico;cur;bmp;dlg;rc2;rct;bin;rgs;gif;jpg;jpeg;jpe;resx;tiff;tif;png;wav;mfcribbon-ms</Extensions>
    </Filter>
  </ItemGroup>
  <ItemGroup>
    <Text Include="ReadMe.txt" />
  </ItemGroup>
  <ItemGroup>
    <ClInclude Include="RegisterManager.h">
      <Filter>Header Files</Filter>
    </ClInclude>
    <ClInclude Include="ClassFactory.h">
      <Filter>Header Files</Filter>
    </ClInclude>
    <ClInclude Include="CoLogPrintOutClassFactory.h">
      <Filter>Header Files</Filter>
    </ClInclude>
    <ClInclude Include="CoLogPrintOut.h">
      <Filter>Header Files</Filter>
    </ClInclude>
    <ClInclude Include="BaseDispatch.h">
      <Filter>Header Files</Filter>
    </ClInclude>
    <ClInclude Include="CoCaptureManagerClassFactory.h">
      <Filter>Header Files</Filter>
    </ClInclude>
    <ClInclude Include="CoCaptureManager.h">
      <Filter>Header Files</Filter>
    </ClInclude>
    <ClInclude Include="SourceControl.h">
      <Filter>Header Files</Filter>
    </ClInclude>
    <ClInclude Include="SinkControl.h">
      <Filter>Header Files</Filter>
    </ClInclude>
    <ClInclude Include="SessionControl.h">
      <Filter>Header Files</Filter>
    </ClInclude>
    <ClInclude Include="Session.h">
      <Filter>Header Files</Filter>
    </ClInclude>
    <ClInclude Include="StreamControl.h">
      <Filter>Header Files</Filter>
    </ClInclude>
    <ClInclude Include="EncoderControl.h">
      <Filter>Header Files</Filter>
    </ClInclude>
    <ClInclude Include="MediaTypeParser.h">
      <Filter>Header Files</Filter>
    </ClInclude>
    <ClInclude Include="StrideForBitmap.h">
      <Filter>Header Files</Filter>
    </ClInclude>
    <ClInclude Include="VersionControl.h">
      <Filter>Header Files</Filter>
    </ClInclude>
    <ClInclude Include="SinkCollection.h">
      <Filter>Header Files</Filter>
    </ClInclude>
    <ClInclude Include="IContainer.h">
      <Filter>Header Files</Filter>
    </ClInclude>
    <ClInclude Include="EVRSinkFactory.h">
      <Filter>Header Files</Filter>
    </ClInclude>
    <ClInclude Include="EncoderNodeFactory.h">
      <Filter>Header Files</Filter>
    </ClInclude>
    <ClInclude Include="SampleGrabberCallSinkFactory.h">
      <Filter>Header Files</Filter>
    </ClInclude>
    <ClInclude Include="SampleGrabberCallbackSinkFactory.h">
      <Filter>Header Files</Filter>
    </ClInclude>
    <ClInclude Include="ByteStreamSinkFactory.h">
      <Filter>Header Files</Filter>
    </ClInclude>
    <ClInclude Include="FileSinkFactory.h">
      <Filter>Header Files</Filter>
    </ClInclude>
    <ClInclude Include="SpreaderNodeFactory.h">
      <Filter>Header Files</Filter>
    </ClInclude>
    <ClInclude Include="SampleAccumulatorNodeFactory.h">
      <Filter>Header Files</Filter>
    </ClInclude>
    <ClInclude Include="EVRMultiSinkFactory.h">
      <Filter>Header Files</Filter>
    </ClInclude>
    <ClInclude Include="EVRStreamControl.h">
      <Filter>Header Files</Filter>
    </ClInclude>
    <ClInclude Include="MFEVRMultiSinkFactory.h">
      <Filter>Header Files</Filter>
    </ClInclude>
    <ClInclude Include="RenderingControl.h">
      <Filter>Header Files</Filter>
    </ClInclude>
    <ClInclude Include="SwitcherNodeFactory.h">
      <Filter>Header Files</Filter>
    </ClInclude>
    <ClInclude Include="SwitcherControl.h">
      <Filter>Header Files</Filter>
    </ClInclude>
    <ClInclude Include="AudioCaptureProcessorProxy.h">
      <Filter>Header Files</Filter>
    </ClInclude>
    <ClInclude Include="InitilaizeCaptureSource.h">
      <Filter>Header Files</Filter>
    </ClInclude>
    <ClInclude Include="CurrentMediaType.h">
      <Filter>Header Files</Filter>
    </ClInclude>
    <ClInclude Include="VideoCaptureProcessorProxy.h">
      <Filter>Header Files</Filter>
    </ClInclude>
    <ClInclude Include="MixerNodeFactory.h">
      <Filter>Header Files</Filter>
    </ClInclude>
    <ClInclude Include="VideoMixerControl.h">
      <Filter>Header Files</Filter>
    </ClInclude>
    <ClInclude Include="AudioMixerControl.h">
      <Filter>Header Files</Filter>
    </ClInclude>
    <ClInclude Include="SARSinkFactory.h">
      <Filter>Header Files</Filter>
    </ClInclude>
    <ClInclude Include="SARVolumeControl.h">
      <Filter>Header Files</Filter>
    </ClInclude>
  </ItemGroup>
  <ItemGroup>
    <ClCompile Include="RegisterManager.cpp">
      <Filter>Source Files</Filter>
    </ClCompile>
    <ClCompile Include="ClassFactory.cpp">
      <Filter>Source Files</Filter>
    </ClCompile>
    <ClCompile Include="CoLogPrintOutClassFactory.cpp">
      <Filter>Source Files</Filter>
    </ClCompile>
    <ClCompile Include="CoLogPrintOut.cpp">
      <Filter>Source Files</Filter>
    </ClCompile>
    <ClCompile Include="CoCaptureManagerClassFactory.cpp">
      <Filter>Source Files</Filter>
    </ClCompile>
    <ClCompile Include="CoCaptureManager.cpp">
      <Filter>Source Files</Filter>
    </ClCompile>
    <ClCompile Include="SourceControl.cpp">
      <Filter>Source Files</Filter>
    </ClCompile>
    <ClCompile Include="SinkControl.cpp">
      <Filter>Source Files</Filter>
    </ClCompile>
    <ClCompile Include="SessionControl.cpp">
      <Filter>Source Files</Filter>
    </ClCompile>
    <ClCompile Include="Session.cpp">
      <Filter>Source Files</Filter>
    </ClCompile>
    <ClCompile Include="StreamControl.cpp">
      <Filter>Source Files</Filter>
    </ClCompile>
    <ClCompile Include="EncoderControl.cpp">
      <Filter>Source Files</Filter>
    </ClCompile>
    <ClCompile Include="MediaTypeParser.cpp">
      <Filter>Source Files</Filter>
    </ClCompile>
    <ClCompile Include="StrideForBitmap.cpp">
      <Filter>Source Files</Filter>
    </ClCompile>
    <ClCompile Include="VersionControl.cpp">
      <Filter>Source Files</Filter>
    </ClCompile>
    <ClCompile Include="SinkCollection.cpp">
      <Filter>Source Files</Filter>
    </ClCompile>
    <ClCompile Include="EVRSinkFactory.cpp">
      <Filter>Source Files</Filter>
    </ClCompile>
    <ClCompile Include="EncoderNodeFactory.cpp">
      <Filter>Source Files</Filter>
    </ClCompile>
    <ClCompile Include="SampleGrabberCallSinkFactory.cpp">
      <Filter>Source Files</Filter>
    </ClCompile>
    <ClCompile Include="SampleGrabberCallbackSinkFactory.cpp">
      <Filter>Source Files</Filter>
    </ClCompile>
    <ClCompile Include="ByteStreamSinkFactory.cpp">
      <Filter>Source Files</Filter>
    </ClCompile>
    <ClCompile Include="FileSinkFactory.cpp">
      <Filter>Source Files</Filter>
    </ClCompile>
    <ClCompile Include="SpreaderNodeFactory.cpp">
      <Filter>Source Files</Filter>
    </ClCompile>
    <ClCompile Include="SampleAccumulatorNodeFactory.cpp">
      <Filter>Source Files</Filter>
    </ClCompile>
    <ClCompile Include="EVRMultiSinkFactory.cpp">
      <Filter>Source Files</Filter>
    </ClCompile>
    <ClCompile Include="EVRStreamControl.cpp">
      <Filter>Source Files</Filter>
    </ClCompile>
    <ClCompile Include="MFEVRMultiSinkFactory.cpp">
      <Filter>Source Files</Filter>
    </ClCompile>
    <ClCompile Include="RenderingControl.cpp">
      <Filter>Source Files</Filter>
    </ClCompile>
    <ClCompile Include="SwitcherNodeFactory.cpp">
      <Filter>Source Files</Filter>
    </ClCompile>
    <ClCompile Include="SwitcherControl.cpp">
      <Filter>Source Files</Filter>
    </ClCompile>
    <ClCompile Include="AudioCaptureProcessorProxy.cpp">
      <Filter>Source Files</Filter>
    </ClCompile>
    <ClCompile Include="InitilaizeCaptureSource.cpp">
      <Filter>Source Files</Filter>
    </ClCompile>
    <ClCompile Include="CurrentMediaType.cpp">
      <Filter>Source Files</Filter>
    </ClCompile>
    <ClCompile Include="VideoCaptureProcessorProxy.cpp">
      <Filter>Source Files</Filter>
    </ClCompile>
    <ClCompile Include="MixerNodeFactory.cpp">
      <Filter>Source Files</Filter>
    </ClCompile>
    <ClCompile Include="VideoMixerControl.cpp">
      <Filter>Source Files</Filter>
    </ClCompile>
    <ClCompile Include="AudioMixerControl.cpp">
      <Filter>Source Files</Filter>
    </ClCompile>
    <ClCompile Include="SARSinkFactory.cpp">
      <Filter>Source Files</Filter>
    </ClCompile>
    <ClCompile Include="SARVolumeControl.cpp">
      <Filter>Source Files</Filter>
    </ClCompile>
  </ItemGroup>
  <ItemGroup>
    <Midl Include="CaptureManagerTypeInfo.idl">
      <Filter>Source Files</Filter>
    </Midl>
  </ItemGroup>
</Project>